
Microsoft Visual Studio Solution File, Format Version 12.00
# Visual Studio Version 17
VisualStudioVersion = 17.5.33530.505
MinimumVisualStudioVersion = 10.0.40219.1
Project("{FAE04EC0-301F-11D3-BF4B-00C04F79EFBC}") = "Skills_International_Project", "Skills_International_Project\Skills_International_Project.csproj", "{19D78DDC-1314-48B2-B4B8-354B06755BFD}"
EndProject
Global
	GlobalSection(SolutionConfigurationPlatforms) = preSolution
		Debug|Any CPU = Debug|Any CPU
		Release|Any CPU = Release|Any CPU
	EndGlobalSection
	GlobalSection(ProjectConfigurationPlatforms) = postSolution
		{19D78DDC-1314-48B2-B4B8-354B06755BFD}.Debug|Any CPU.ActiveCfg = Debug|Any CPU
		{19D78DDC-1314-48B2-B4B8-354B06755BFD}.Debug|Any CPU.Build.0 = Debug|Any CPU
		{19D78DDC-1314-48B2-B4B8-354B06755BFD}.Release|Any CPU.ActiveCfg = Release|Any CPU
		{19D78DDC-1314-48B2-B4B8-354B06755BFD}.Release|Any CPU.Build.0 = Release|Any CPU
	EndGlobalSection
	GlobalSection(SolutionProperties) = preSolution
		HideSolutionNode = FALSE
	EndGlobalSection
	GlobalSection(ExtensibilityGlobals) = postSolution
		SolutionGuid = {0B879C01-5848-460F-ABD5-B9A1095E50DD}
	EndGlobalSection
EndGlobal
